
Microsoft Visual Studio Solution File, Format Version 12.00
# Visual Studio Version 17
VisualStudioVersion = 17.3.32811.315
MinimumVisualStudioVersion = 10.0.40219.1
Project("{E24C65DC-7377-472B-9ABA-BC803B73C61A}") = "008_babel_loader", ".", "{1FED76E7-FAAA-4624-81F4-E2F5ED9C8362}"
	ProjectSection(WebsiteProperties) = preProject
		TargetFrameworkMoniker = ".NETFramework,Version%3Dv4.8"
		Debug.AspNetCompiler.VirtualPath = "/localhost_52329"
		Debug.AspNetCompiler.PhysicalPath = "..\008_babel_loader\"
		Debug.AspNetCompiler.TargetPath = "PrecompiledWeb\localhost_52329\"
		Debug.AspNetCompiler.Updateable = "true"
		Debug.AspNetCompiler.ForceOverwrite = "true"
		Debug.AspNetCompiler.FixedNames = "false"
		Debug.AspNetCompiler.Debug = "True"
		Release.AspNetCompiler.VirtualPath = "/localhost_52329"
		Release.AspNetCompiler.PhysicalPath = "..\008_babel_loader\"
		Release.AspNetCompiler.TargetPath = "PrecompiledWeb\localhost_52329\"
		Release.AspNetCompiler.Updateable = "true"
		Release.AspNetCompiler.ForceOverwrite = "true"
		Release.AspNetCompiler.FixedNames = "false"
		Release.AspNetCompiler.Debug = "False"
		VWDPort = "52329"
		SlnRelativePath = "..\008_babel_loader\"
	EndProjectSection
EndProject
Global
	GlobalSection(SolutionConfigurationPlatforms) = preSolution
		Debug|Any CPU = Debug|Any CPU
	EndGlobalSection
	GlobalSection(ProjectConfigurationPlatforms) = postSolution
		{1FED76E7-FAAA-4624-81F4-E2F5ED9C8362}.Debug|Any CPU.ActiveCfg = Debug|Any CPU
		{1FED76E7-FAAA-4624-81F4-E2F5ED9C8362}.Debug|Any CPU.Build.0 = Debug|Any CPU
	EndGlobalSection
	GlobalSection(SolutionProperties) = preSolution
		HideSolutionNode = FALSE
	EndGlobalSection
	GlobalSection(ExtensibilityGlobals) = postSolution
		SolutionGuid = {C82460D5-A5AE-4DB7-A385-181C0079B0A2}
	EndGlobalSection
EndGlobal
